# This file is generated by running "yarn install" inside your project.
# Manual changes might be lost - proceed with caution!

__metadata:
  version: 8
  cacheKey: 10c0

"@dprint/darwin-arm64@npm:0.43.1":
  version: 0.43.1
  resolution: "@dprint/darwin-arm64@npm:0.43.1"
  conditions: os=darwin & cpu=arm64
  languageName: node
  linkType: hard

"@dprint/darwin-x64@npm:0.43.1":
  version: 0.43.1
  resolution: "@dprint/darwin-x64@npm:0.43.1"
  conditions: os=darwin & cpu=x64
  languageName: node
  linkType: hard

"@dprint/linux-arm64-glibc@npm:0.43.1":
  version: 0.43.1
  resolution: "@dprint/linux-arm64-glibc@npm:0.43.1"
  conditions: os=linux & cpu=arm64 & libc=glibc
  languageName: node
  linkType: hard

"@dprint/linux-arm64-musl@npm:0.43.1":
  version: 0.43.1
  resolution: "@dprint/linux-arm64-musl@npm:0.43.1"
  conditions: os=linux & cpu=arm64 & libc=musl
  languageName: node
  linkType: hard

"@dprint/linux-x64-glibc@npm:0.43.1":
  version: 0.43.1
  resolution: "@dprint/linux-x64-glibc@npm:0.43.1"
  conditions: os=linux & cpu=x64 & libc=glibc
  languageName: node
  linkType: hard

"@dprint/linux-x64-musl@npm:0.43.1":
  version: 0.43.1
  resolution: "@dprint/linux-x64-musl@npm:0.43.1"
  conditions: os=linux & cpu=x64 & libc=musl
  languageName: node
  linkType: hard

"@dprint/win32-x64@npm:0.43.1":
  version: 0.43.1
  resolution: "@dprint/win32-x64@npm:0.43.1"
  conditions: os=win32 & cpu=x64
  languageName: node
  linkType: hard

"@whare/cli@workspace:*, @whare/cli@workspace:packages/cli":
  version: 0.0.0-use.local
  resolution: "@whare/cli@workspace:packages/cli"
  dependencies:
    typescript: "npm:^5.0.4"
  languageName: unknown
  linkType: soft

"dprint@npm:^0.43.1":
  version: 0.43.1
  resolution: "dprint@npm:0.43.1"
  dependencies:
    "@dprint/darwin-arm64": "npm:0.43.1"
    "@dprint/darwin-x64": "npm:0.43.1"
    "@dprint/linux-arm64-glibc": "npm:0.43.1"
    "@dprint/linux-arm64-musl": "npm:0.43.1"
    "@dprint/linux-x64-glibc": "npm:0.43.1"
    "@dprint/linux-x64-musl": "npm:0.43.1"
    "@dprint/win32-x64": "npm:0.43.1"
  dependenciesMeta:
    "@dprint/darwin-arm64":
      optional: true
    "@dprint/darwin-x64":
      optional: true
    "@dprint/linux-arm64-glibc":
      optional: true
    "@dprint/linux-arm64-musl":
      optional: true
    "@dprint/linux-x64-glibc":
      optional: true
    "@dprint/linux-x64-musl":
      optional: true
    "@dprint/win32-x64":
      optional: true
  bin:
    dprint: bin.js
  checksum: c4abe85bc600e753af29f62aabd362cec5573b5e7b2bb973cc1de51d8c479b54adb975d6fd715a3cb440cdc396873f8e9a8db7d69dd1cb656360f8edbd9b6ec7
  languageName: node
  linkType: hard

"typescript@npm:^5.0.4":
  version: 5.3.2
  resolution: "typescript@npm:5.3.2"
  bin:
    tsc: bin/tsc
    tsserver: bin/tsserver
  checksum: d7dbe1fbe19039e36a65468ea64b5d338c976550394ba576b7af9c68ed40c0bc5d12ecce390e4b94b287a09a71bd3229f19c2d5680611f35b7c53a3898791159
  languageName: node
  linkType: hard

"typescript@patch:typescript@npm%3A^5.0.4#optional!builtin<compat/typescript>":
  version: 5.3.2
  resolution: "typescript@patch:typescript@npm%3A5.3.2#optional!builtin<compat/typescript>::version=5.3.2&hash=e012d7"
  bin:
    tsc: bin/tsc
    tsserver: bin/tsserver
  checksum: 73c8bad74e732d93211c9d77f28b03307e2f5fc6a0afc73f4b783261ab567686a16d6ae958bdaef383a00be1b0b8c8b6741dd6ca3d13af4963fa7e47456d49c7
  languageName: node
  linkType: hard

"whare-root@workspace:.":
  version: 0.0.0-use.local
  resolution: "whare-root@workspace:."
  dependencies:
    "@whare/cli": "workspace:*"
    dprint: "npm:^0.43.1"
  languageName: unknown
  linkType: soft
